// !$*UTF8*$!
{
	archiveVersion = 1;
	classes = {
	};
	objectVersion = 56;
	objects = {

/* Begin PBXBuildFile section */
		CC64DE6C29871B41008FB4AB /* LottieAnimationsListApp.swift in Sources */ = {isa = PBXBuildFile; fileRef = CC64DE6B29871B41008FB4AB /* LottieAnimationsListApp.swift */; };
		CC64DE7029871B44008FB4AB /* Assets.xcassets in Resources */ = {isa = PBXBuildFile; fileRef = CC64DE6F29871B44008FB4AB /* Assets.xcassets */; };
		CC64DE7329871B44008FB4AB /* Preview Assets.xcassets in Resources */ = {isa = PBXBuildFile; fileRef = CC64DE7229871B44008FB4AB /* Preview Assets.xcassets */; };
		CC64DE7E29871C00008FB4AB /* AnimationsListView.swift in Sources */ = {isa = PBXBuildFile; fileRef = CC64DE7D29871C00008FB4AB /* AnimationsListView.swift */; };
		CC64DE8129871C57008FB4AB /* Lottie in Frameworks */ = {isa = PBXBuildFile; productRef = CC64DE8029871C57008FB4AB /* Lottie */; };
		CC64DE8329871CA3008FB4AB /* LottieView.swift in Sources */ = {isa = PBXBuildFile; fileRef = CC64DE8229871CA3008FB4AB /* LottieView.swift */; };
		CC64DE862987205D008FB4AB /* 76649-checked.json in Resources */ = {isa = PBXBuildFile; fileRef = CC64DE852987205D008FB4AB /* 76649-checked.json */; };
		CC64DE882987208E008FB4AB /* 103831-circle-x.json in Resources */ = {isa = PBXBuildFile; fileRef = CC64DE872987208E008FB4AB /* 103831-circle-x.json */; };
		CC64DE8A298720D4008FB4AB /* 67230-trophy-winner.json in Resources */ = {isa = PBXBuildFile; fileRef = CC64DE89298720D4008FB4AB /* 67230-trophy-winner.json */; };
/* End PBXBuildFile section */

/* Begin PBXFileReference section */
		CC64DE6829871B41008FB4AB /* LottieAnimationsList.app */ = {isa = PBXFileReference; explicitFileType = wrapper.application; includeInIndex = 0; path = LottieAnimationsList.app; sourceTree = BUILT_PRODUCTS_DIR; };
		CC64DE6B29871B41008FB4AB /* LottieAnimationsListApp.swift */ = {isa = PBXFileReference; lastKnownFileType = sourcecode.swift; path = LottieAnimationsListApp.swift; sourceTree = "<group>"; };
		CC64DE6F29871B44008FB4AB /* Assets.xcassets */ = {isa = PBXFileReference; lastKnownFileType = folder.assetcatalog; path = Assets.xcassets; sourceTree = "<group>"; };
		CC64DE7229871B44008FB4AB /* Preview Assets.xcassets */ = {isa = PBXFileReference; lastKnownFileType = folder.assetcatalog; path = "Preview Assets.xcassets"; sourceTree = "<group>"; };
		CC64DE7D29871C00008FB4AB /* AnimationsListView.swift */ = {isa = PBXFileReference; lastKnownFileType = sourcecode.swift; path = AnimationsListView.swift; sourceTree = "<group>"; };
		CC64DE8229871CA3008FB4AB /* LottieView.swift */ = {isa = PBXFileReference; lastKnownFileType = sourcecode.swift; path = LottieView.swift; sourceTree = "<group>"; };
		CC64DE852987205D008FB4AB /* 76649-checked.json */ = {isa = PBXFileReference; fileEncoding = 4; lastKnownFileType = text.json; path = "76649-checked.json"; sourceTree = "<group>"; };
		CC64DE872987208E008FB4AB /* 103831-circle-x.json */ = {isa = PBXFileReference; fileEncoding = 4; lastKnownFileType = text.json; path = "103831-circle-x.json"; sourceTree = "<group>"; };
		CC64DE89298720D4008FB4AB /* 67230-trophy-winner.json */ = {isa = PBXFileReference; fileEncoding = 4; lastKnownFileType = text.json; path = "67230-trophy-winner.json"; sourceTree = "<group>"; };
/* End PBXFileReference section */

/* Begin PBXFrameworksBuildPhase section */
		CC64DE6529871B41008FB4AB /* Frameworks */ = {
			isa = PBXFrameworksBuildPhase;
			buildActionMask = 2147483647;
			files = (
				CC64DE8129871C57008FB4AB /* Lottie in Frameworks */,
			);
			runOnlyForDeploymentPostprocessing = 0;
		};
/* End PBXFrameworksBuildPhase section */

/* Begin PBXGroup section */
		CC64DE5F29871B41008FB4AB = {
			isa = PBXGroup;
			children = (
				CC64DE6A29871B41008FB4AB /* LottieAnimationsList */,
				CC64DE6929871B41008FB4AB /* Products */,
			);
			sourceTree = "<group>";
		};
		CC64DE6929871B41008FB4AB /* Products */ = {
			isa = PBXGroup;
			children = (
				CC64DE6829871B41008FB4AB /* LottieAnimationsList.app */,
			);
			name = Products;
			sourceTree = "<group>";
		};
		CC64DE6A29871B41008FB4AB /* LottieAnimationsList */ = {
			isa = PBXGroup;
			children = (
				CC64DE8429871D4C008FB4AB /* Animations */,
				CC64DE6B29871B41008FB4AB /* LottieAnimationsListApp.swift */,
				CC64DE7C29871B92008FB4AB /* Views */,
				CC64DE7A29871B6F008FB4AB /* Model */,
				CC64DE6F29871B44008FB4AB /* Assets.xcassets */,
				CC64DE7129871B44008FB4AB /* Preview Content */,
			);
			path = LottieAnimationsList;
			sourceTree = "<group>";
		};
		CC64DE7129871B44008FB4AB /* Preview Content */ = {
			isa = PBXGroup;
			children = (
				CC64DE7229871B44008FB4AB /* Preview Assets.xcassets */,
			);
			path = "Preview Content";
			sourceTree = "<group>";
		};
		CC64DE7A29871B6F008FB4AB /* Model */ = {
			isa = PBXGroup;
			children = (
			);
			path = Model;
			sourceTree = "<group>";
		};
		CC64DE7C29871B92008FB4AB /* Views */ = {
			isa = PBXGroup;
			children = (
				CC64DE7D29871C00008FB4AB /* AnimationsListView.swift */,
				CC64DE8229871CA3008FB4AB /* LottieView.swift */,
			);
			path = Views;
			sourceTree = "<group>";
		};
		CC64DE8429871D4C008FB4AB /* Animations */ = {
			isa = PBXGroup;
			children = (
				CC64DE89298720D4008FB4AB /* 67230-trophy-winner.json */,
				CC64DE872987208E008FB4AB /* 103831-circle-x.json */,
				CC64DE852987205D008FB4AB /* 76649-checked.json */,
			);
			path = Animations;
			sourceTree = "<group>";
		};
/* End PBXGroup section */

/* Begin PBXNativeTarget section */
		CC64DE6729871B41008FB4AB /* LottieAnimationsList */ = {
			isa = PBXNativeTarget;
			buildConfigurationList = CC64DE7629871B44008FB4AB /* Build configuration list for PBXNativeTarget "LottieAnimationsList" */;
			buildPhases = (
				CC64DE6429871B41008FB4AB /* Sources */,
				CC64DE6529871B41008FB4AB /* Frameworks */,
				CC64DE6629871B41008FB4AB /* Resources */,
			);
			buildRules = (
			);
			dependencies = (
			);
			name = LottieAnimationsList;
			packageProductDependencies = (
				CC64DE8029871C57008FB4AB /* Lottie */,
			);
			productName = LottieAnimationsList;
			productReference = CC64DE6829871B41008FB4AB /* LottieAnimationsList.app */;
			productType = "com.apple.product-type.application";
		};
/* End PBXNativeTarget section */

/* Begin PBXProject section */
		CC64DE6029871B41008FB4AB /* Project object */ = {
			isa = PBXProject;
			attributes = {
				BuildIndependentTargetsInParallel = 1;
				LastSwiftUpdateCheck = 1420;
				LastUpgradeCheck = 1420;
				TargetAttributes = {
					CC64DE6729871B41008FB4AB = {
						CreatedOnToolsVersion = 14.2;
					};
				};
			};
			buildConfigurationList = CC64DE6329871B41008FB4AB /* Build configuration list for PBXProject "LottieAnimationsList" */;
			compatibilityVersion = "Xcode 14.0";
			developmentRegion = en;
			hasScannedForEncodings = 0;
			knownRegions = (
				en,
				Base,
			);
			mainGroup = CC64DE5F29871B41008FB4AB;
			packageReferences = (
				CC64DE7F29871C57008FB4AB /* XCRemoteSwiftPackageReference "lottie-ios" */,
			);
			productRefGroup = CC64DE6929871B41008FB4AB /* Products */;
			projectDirPath = "";
			projectRoot = "";
			targets = (
				CC64DE6729871B41008FB4AB /* LottieAnimationsList */,
			);
		};
/* End PBXProject section */

/* Begin PBXResourcesBuildPhase section */
		CC64DE6629871B41008FB4AB /* Resources */ = {
			isa = PBXResourcesBuildPhase;
			buildActionMask = 2147483647;
			files = (
				CC64DE882987208E008FB4AB /* 103831-circle-x.json in Resources */,
				CC64DE7329871B44008FB4AB /* Preview Assets.xcassets in Resources */,
				CC64DE862987205D008FB4AB /* 76649-checked.json in Resources */,
				CC64DE8A298720D4008FB4AB /* 67230-trophy-winner.json in Resources */,
				CC64DE7029871B44008FB4AB /* Assets.xcassets in Resources */,
			);
			runOnlyForDeploymentPostprocessing = 0;
		};
/* End PBXResourcesBuildPhase section */

/* Begin PBXSourcesBuildPhase section */
		CC64DE6429871B41008FB4AB /* Sources */ = {
			isa = PBXSourcesBuildPhase;
			buildActionMask = 2147483647;
			files = (
				CC64DE6C29871B41008FB4AB /* LottieAnimationsListApp.swift in Sources */,
				CC64DE7E29871C00008FB4AB /* AnimationsListView.swift in Sources */,
				CC64DE8329871CA3008FB4AB /* LottieView.swift in Sources */,
			);
			runOnlyForDeploymentPostprocessing = 0;
		};
/* End PBXSourcesBuildPhase section */

/* Begin XCBuildConfiguration section */
		CC64DE7429871B44008FB4AB /* Debug */ = {
			isa = XCBuildConfiguration;
			buildSettings = {
				ALWAYS_SEARCH_USER_PATHS = NO;
				CLANG_ANALYZER_NONNULL = YES;
				CLANG_ANALYZER_NUMBER_OBJECT_CONVERSION = YES_AGGRESSIVE;
				CLANG_CXX_LANGUAGE_STANDARD = "gnu++20";
				CLANG_ENABLE_MODULES = YES;
				CLANG_ENABLE_OBJC_ARC = YES;
				CLANG_ENABLE_OBJC_WEAK = YES;
				CLANG_WARN_BLOCK_CAPTURE_AUTORELEASING = YES;
				CLANG_WARN_BOOL_CONVERSION = YES;
				CLANG_WARN_COMMA = YES;
				CLANG_WARN_CONSTANT_CONVERSION = YES;
				CLANG_WARN_DEPRECATED_OBJC_IMPLEMENTATIONS = YES;
				CLANG_WARN_DIRECT_OBJC_ISA_USAGE = YES_ERROR;
				CLANG_WARN_DOCUMENTATION_COMMENTS = YES;
				CLANG_WARN_EMPTY_BODY = YES;
				CLANG_WARN_ENUM_CONVERSION = YES;
				CLANG_WARN_INFINITE_RECURSION = YES;
				CLANG_WARN_INT_CONVERSION = YES;
				CLANG_WARN_NON_LITERAL_NULL_CONVERSION = YES;
				CLANG_WARN_OBJC_IMPLICIT_RETAIN_SELF = YES;
				CLANG_WARN_OBJC_LITERAL_CONVERSION = YES;
				CLANG_WARN_OBJC_ROOT_CLASS = YES_ERROR;
				CLANG_WARN_QUOTED_INCLUDE_IN_FRAMEWORK_HEADER = YES;
				CLANG_WARN_RANGE_LOOP_ANALYSIS = YES;
				CLANG_WARN_STRICT_PROTOTYPES = YES;
				CLANG_WARN_SUSPICIOUS_MOVE = YES;
				CLANG_WARN_UNGUARDED_AVAILABILITY = YES_AGGRESSIVE;
				CLANG_WARN_UNREACHABLE_CODE = YES;
				CLANG_WARN__DUPLICATE_METHOD_MATCH = YES;
				COPY_PHASE_STRIP = NO;
				DEBUG_INFORMATION_FORMAT = dwarf;
				ENABLE_STRICT_OBJC_MSGSEND = YES;
				ENABLE_TESTABILITY = YES;
				GCC_C_LANGUAGE_STANDARD = gnu11;
				GCC_DYNAMIC_NO_PIC = NO;
				GCC_NO_COMMON_BLOCKS = YES;
				GCC_OPTIMIZATION_LEVEL = 0;
				GCC_PREPROCESSOR_DEFINITIONS = (
					"DEBUG=1",
					"$(inherited)",
				);
				GCC_WARN_64_TO_32_BIT_CONVERSION = YES;
				GCC_WARN_ABOUT_RETURN_TYPE = YES_ERROR;
				GCC_WARN_UNDECLARED_SELECTOR = YES;
				GCC_WARN_UNINITIALIZED_AUTOS = YES_AGGRESSIVE;
				GCC_WARN_UNUSED_FUNCTION = YES;
				GCC_WARN_UNUSED_VARIABLE = YES;
				IPHONEOS_DEPLOYMENT_TARGET = 16.2;
				MTL_ENABLE_DEBUG_INFO = INCLUDE_SOURCE;
				MTL_FAST_MATH = YES;
				ONLY_ACTIVE_ARCH = YES;
				SDKROOT = iphoneos;
				SWIFT_ACTIVE_COMPILATION_CONDITIONS = DEBUG;
				SWIFT_OPTIMIZATION_LEVEL = "-Onone";
			};
			name = Debug;
		};
		CC64DE7529871B44008FB4AB /* Release */ = {
			isa = XCBuildConfiguration;
			buildSettings = {
				ALWAYS_SEARCH_USER_PATHS = NO;
				CLANG_ANALYZER_NONNULL = YES;
				CLANG_ANALYZER_NUMBER_OBJECT_CONVERSION = YES_AGGRESSIVE;
				CLANG_CXX_LANGUAGE_STANDARD = "gnu++20";
				CLANG_ENABLE_MODULES = YES;
				CLANG_ENABLE_OBJC_ARC = YES;
				CLANG_ENABLE_OBJC_WEAK = YES;
				CLANG_WARN_BLOCK_CAPTURE_AUTORELEASING = YES;
				CLANG_WARN_BOOL_CONVERSION = YES;
				CLANG_WARN_COMMA = YES;
				CLANG_WARN_CONSTANT_CONVERSION = YES;
				CLANG_WARN_DEPRECATED_OBJC_IMPLEMENTATIONS = YES;
				CLANG_WARN_DIRECT_OBJC_ISA_USAGE = YES_ERROR;
				CLANG_WARN_DOCUMENTATION_COMMENTS = YES;
				CLANG_WARN_EMPTY_BODY = YES;
				CLANG_WARN_ENUM_CONVERSION = YES;
				CLANG_WARN_INFINITE_RECURSION = YES;
				CLANG_WARN_INT_CONVERSION = YES;
				CLANG_WARN_NON_LITERAL_NULL_CONVERSION = YES;
				CLANG_WARN_OBJC_IMPLICIT_RETAIN_SELF = YES;
				CLANG_WARN_OBJC_LITERAL_CONVERSION = YES;
				CLANG_WARN_OBJC_ROOT_CLASS = YES_ERROR;
				CLANG_WARN_QUOTED_INCLUDE_IN_FRAMEWORK_HEADER = YES;
				CLANG_WARN_RANGE_LOOP_ANALYSIS = YES;
				CLANG_WARN_STRICT_PROTOTYPES = YES;
				CLANG_WARN_SUSPICIOUS_MOVE = YES;
				CLANG_WARN_UNGUARDED_AVAILABILITY = YES_AGGRESSIVE;
				CLANG_WARN_UNREACHABLE_CODE = YES;
				CLANG_WARN__DUPLICATE_METHOD_MATCH = YES;
				COPY_PHASE_STRIP = NO;
				DEBUG_INFORMATION_FORMAT = "dwarf-with-dsym";
				ENABLE_NS_ASSERTIONS = NO;
				ENABLE_STRICT_OBJC_MSGSEND = YES;
				GCC_C_LANGUAGE_STANDARD = gnu11;
				GCC_NO_COMMON_BLOCKS = YES;
				GCC_WARN_64_TO_32_BIT_CONVERSION = YES;
				GCC_WARN_ABOUT_RETURN_TYPE = YES_ERROR;
				GCC_WARN_UNDECLARED_SELECTOR = YES;
				GCC_WARN_UNINITIALIZED_AUTOS = YES_AGGRESSIVE;
				GCC_WARN_UNUSED_FUNCTION = YES;
				GCC_WARN_UNUSED_VARIABLE = YES;
				IPHONEOS_DEPLOYMENT_TARGET = 16.2;
				MTL_ENABLE_DEBUG_INFO = NO;
				MTL_FAST_MATH = YES;
				SDKROOT = iphoneos;
				SWIFT_COMPILATION_MODE = wholemodule;
				SWIFT_OPTIMIZATION_LEVEL = "-O";
				VALIDATE_PRODUCT = YES;
			};
			name = Release;
		};
		CC64DE7729871B44008FB4AB /* Debug */ = {
			isa = XCBuildConfiguration;
			buildSettings = {
				ASSETCATALOG_COMPILER_APPICON_NAME = AppIcon;
				ASSETCATALOG_COMPILER_GLOBAL_ACCENT_COLOR_NAME = AccentColor;
				CODE_SIGN_STYLE = Automatic;
				CURRENT_PROJECT_VERSION = 1;
				DEVELOPMENT_ASSET_PATHS = "\"LottieAnimationsList/Preview Content\"";
				ENABLE_PREVIEWS = YES;
				GENERATE_INFOPLIST_FILE = YES;
				INFOPLIST_KEY_UIApplicationSceneManifest_Generation = YES;
				INFOPLIST_KEY_UIApplicationSupportsIndirectInputEvents = YES;
				INFOPLIST_KEY_UILaunchScreen_Generation = YES;
				INFOPLIST_KEY_UISupportedInterfaceOrientations_iPad = "UIInterfaceOrientationPortrait UIInterfaceOrientationPortraitUpsideDown UIInterfaceOrientationLandscapeLeft UIInterfaceOrientationLandscapeRight";
				INFOPLIST_KEY_UISupportedInterfaceOrientations_iPhone = "UIInterfaceOrientationPortrait UIInterfaceOrientationLandscapeLeft UIInterfaceOrientationLandscapeRight";
				LD_RUNPATH_SEARCH_PATHS = (
					"$(inherited)",
					"@executable_path/Frameworks",
				);
				MARKETING_VERSION = 1.0;
				PRODUCT_BUNDLE_IDENTIFIER = com.codewithmorgan.LottieAnimationsList;
				PRODUCT_NAME = "$(TARGET_NAME)";
				SWIFT_EMIT_LOC_STRINGS = YES;
				SWIFT_VERSION = 5.0;
				TARGETED_DEVICE_FAMILY = "1,2";
			};
			name = Debug;
		};
		CC64DE7829871B44008FB4AB /* Release */ = {
			isa = XCBuildConfiguration;
			buildSettings = {
				ASSETCATALOG_COMPILER_APPICON_NAME = AppIcon;
				ASSETCATALOG_COMPILER_GLOBAL_ACCENT_COLOR_NAME = AccentColor;
				CODE_SIGN_STYLE = Automatic;
				CURRENT_PROJECT_VERSION = 1;
				DEVELOPMENT_ASSET_PATHS = "\"LottieAnimationsList/Preview Content\"";
				ENABLE_PREVIEWS = YES;
				GENERATE_INFOPLIST_FILE = YES;
				INFOPLIST_KEY_UIApplicationSceneManifest_Generation = YES;
				INFOPLIST_KEY_UIApplicationSupportsIndirectInputEvents = YES;
				INFOPLIST_KEY_UILaunchScreen_Generation = YES;
				INFOPLIST_KEY_UISupportedInterfaceOrientations_iPad = "UIInterfaceOrientationPortrait UIInterfaceOrientationPortraitUpsideDown UIInterfaceOrientationLandscapeLeft UIInterfaceOrientationLandscapeRight";
				INFOPLIST_KEY_UISupportedInterfaceOrientations_iPhone = "UIInterfaceOrientationPortrait UIInterfaceOrientationLandscapeLeft UIInterfaceOrientationLandscapeRight";
				LD_RUNPATH_SEARCH_PATHS = (
					"$(inherited)",
					"@executable_path/Frameworks",
				);
				MARKETING_VERSION = 1.0;
				PRODUCT_BUNDLE_IDENTIFIER = com.codewithmorgan.LottieAnimationsList;
				PRODUCT_NAME = "$(TARGET_NAME)";
				SWIFT_EMIT_LOC_STRINGS = YES;
				SWIFT_VERSION = 5.0;
				TARGETED_DEVICE_FAMILY = "1,2";
			};
			name = Release;
		};
/* End XCBuildConfiguration section */

/* Begin XCConfigurationList section */
		CC64DE6329871B41008FB4AB /* Build configuration list for PBXProject "LottieAnimationsList" */ = {
			isa = XCConfigurationList;
			buildConfigurations = (
				CC64DE7429871B44008FB4AB /* Debug */,
				CC64DE7529871B44008FB4AB /* Release */,
			);
			defaultConfigurationIsVisible = 0;
			defaultConfigurationName = Release;
		};
		CC64DE7629871B44008FB4AB /* Build configuration list for PBXNativeTarget "LottieAnimationsList" */ = {
			isa = XCConfigurationList;
			buildConfigurations = (
				CC64DE7729871B44008FB4AB /* Debug */,
				CC64DE7829871B44008FB4AB /* Release */,
			);
			defaultConfigurationIsVisible = 0;
			defaultConfigurationName = Release;
		};
/* End XCConfigurationList section */

/* Begin XCRemoteSwiftPackageReference section */
		CC64DE7F29871C57008FB4AB /* XCRemoteSwiftPackageReference "lottie-ios" */ = {
			isa = XCRemoteSwiftPackageReference;
			repositoryURL = "https://github.com/airbnb/lottie-ios";
			requirement = {
				branch = master;
				kind = branch;
			};
		};
/* End XCRemoteSwiftPackageReference section */

/* Begin XCSwiftPackageProductDependency section */
		CC64DE8029871C57008FB4AB /* Lottie */ = {
			isa = XCSwiftPackageProductDependency;
			package = CC64DE7F29871C57008FB4AB /* XCRemoteSwiftPackageReference "lottie-ios" */;
			productName = Lottie;
		};
/* End XCSwiftPackageProductDependency section */
	};
	rootObject = CC64DE6029871B41008FB4AB /* Project object */;
}
